
Microsoft Visual Studio Solution File, Format Version 12.00
# Visual Studio Version 17
VisualStudioVersion = 17.14.36429.23
MinimumVisualStudioVersion = 10.0.40219.1
Project("{FAE04EC0-301F-11D3-BF4B-00C04F79EFBC}") = "2DDemo", "2DDemo.csproj", "{42B30364-D081-48C3-BBED-DED816FA8539}"
EndProject
Project("{FAE04EC0-301F-11D3-BF4B-00C04F79EFBC}") = "CharacterModule", "Scripts\CharacterModule\CharacterModule.csproj", "{C6CF1EAE-ACA7-97DF-AE12-84CC2449587A}"
EndProject
Project("{FAE04EC0-301F-11D3-BF4B-00C04F79EFBC}") = "DebugProject", "Scripts\DebugProject\DebugProject.csproj", "{52ED06D4-9481-705B-01D5-35B04A134E63}"
EndProject
Project("{FAE04EC0-301F-11D3-BF4B-00C04F79EFBC}") = "ToolSets", "ToolSets\ToolSets.csproj", "{76D59B2D-B061-4CBA-BC5F-F3E6BF17D0D3}"
EndProject
Global
	GlobalSection(SolutionConfigurationPlatforms) = preSolution
		Debug|Any CPU = Debug|Any CPU
		Debug|x64 = Debug|x64
		Debug|x86 = Debug|x86
		ExportDebug|Any CPU = ExportDebug|Any CPU
		ExportDebug|x64 = ExportDebug|x64
		ExportDebug|x86 = ExportDebug|x86
		ExportRelease|Any CPU = ExportRelease|Any CPU
		ExportRelease|x64 = ExportRelease|x64
		ExportRelease|x86 = ExportRelease|x86
		Release|Any CPU = Release|Any CPU
		Release|x64 = Release|x64
		Release|x86 = Release|x86
	EndGlobalSection
	GlobalSection(ProjectConfigurationPlatforms) = postSolution
		{42B30364-D081-48C3-BBED-DED816FA8539}.Debug|Any CPU.ActiveCfg = Debug|Any CPU
		{42B30364-D081-48C3-BBED-DED816FA8539}.Debug|Any CPU.Build.0 = Debug|Any CPU
		{42B30364-D081-48C3-BBED-DED816FA8539}.Debug|x64.ActiveCfg = Debug|Any CPU
		{42B30364-D081-48C3-BBED-DED816FA8539}.Debug|x64.Build.0 = Debug|Any CPU
		{42B30364-D081-48C3-BBED-DED816FA8539}.Debug|x86.ActiveCfg = Debug|Any CPU
		{42B30364-D081-48C3-BBED-DED816FA8539}.Debug|x86.Build.0 = Debug|Any CPU
		{42B30364-D081-48C3-BBED-DED816FA8539}.ExportDebug|Any CPU.ActiveCfg = ExportDebug|Any CPU
		{42B30364-D081-48C3-BBED-DED816FA8539}.ExportDebug|Any CPU.Build.0 = ExportDebug|Any CPU
		{42B30364-D081-48C3-BBED-DED816FA8539}.ExportDebug|x64.ActiveCfg = ExportDebug|Any CPU
		{42B30364-D081-48C3-BBED-DED816FA8539}.ExportDebug|x64.Build.0 = ExportDebug|Any CPU
		{42B30364-D081-48C3-BBED-DED816FA8539}.ExportDebug|x86.ActiveCfg = ExportDebug|Any CPU
		{42B30364-D081-48C3-BBED-DED816FA8539}.ExportDebug|x86.Build.0 = ExportDebug|Any CPU
		{42B30364-D081-48C3-BBED-DED816FA8539}.ExportRelease|Any CPU.ActiveCfg = ExportRelease|Any CPU
		{42B30364-D081-48C3-BBED-DED816FA8539}.ExportRelease|Any CPU.Build.0 = ExportRelease|Any CPU
		{42B30364-D081-48C3-BBED-DED816FA8539}.ExportRelease|x64.ActiveCfg = ExportRelease|Any CPU
		{42B30364-D081-48C3-BBED-DED816FA8539}.ExportRelease|x64.Build.0 = ExportRelease|Any CPU
		{42B30364-D081-48C3-BBED-DED816FA8539}.ExportRelease|x86.ActiveCfg = ExportRelease|Any CPU
		{42B30364-D081-48C3-BBED-DED816FA8539}.ExportRelease|x86.Build.0 = ExportRelease|Any CPU
		{42B30364-D081-48C3-BBED-DED816FA8539}.Release|Any CPU.ActiveCfg = Release|Any CPU
		{42B30364-D081-48C3-BBED-DED816FA8539}.Release|Any CPU.Build.0 = Release|Any CPU
		{42B30364-D081-48C3-BBED-DED816FA8539}.Release|x64.ActiveCfg = Release|Any CPU
		{42B30364-D081-48C3-BBED-DED816FA8539}.Release|x64.Build.0 = Release|Any CPU
		{42B30364-D081-48C3-BBED-DED816FA8539}.Release|x86.ActiveCfg = Release|Any CPU
		{42B30364-D081-48C3-BBED-DED816FA8539}.Release|x86.Build.0 = Release|Any CPU
		{C6CF1EAE-ACA7-97DF-AE12-84CC2449587A}.Debug|Any CPU.ActiveCfg = Debug|Any CPU
		{C6CF1EAE-ACA7-97DF-AE12-84CC2449587A}.Debug|Any CPU.Build.0 = Debug|Any CPU
		{C6CF1EAE-ACA7-97DF-AE12-84CC2449587A}.Debug|x64.ActiveCfg = Debug|Any CPU
		{C6CF1EAE-ACA7-97DF-AE12-84CC2449587A}.Debug|x64.Build.0 = Debug|Any CPU
		{C6CF1EAE-ACA7-97DF-AE12-84CC2449587A}.Debug|x86.ActiveCfg = Debug|Any CPU
		{C6CF1EAE-ACA7-97DF-AE12-84CC2449587A}.Debug|x86.Build.0 = Debug|Any CPU
		{C6CF1EAE-ACA7-97DF-AE12-84CC2449587A}.ExportDebug|Any CPU.ActiveCfg = Release|Any CPU
		{C6CF1EAE-ACA7-97DF-AE12-84CC2449587A}.ExportDebug|Any CPU.Build.0 = Release|Any CPU
		{C6CF1EAE-ACA7-97DF-AE12-84CC2449587A}.ExportDebug|x64.ActiveCfg = Release|Any CPU
		{C6CF1EAE-ACA7-97DF-AE12-84CC2449587A}.ExportDebug|x64.Build.0 = Release|Any CPU
		{C6CF1EAE-ACA7-97DF-AE12-84CC2449587A}.ExportDebug|x86.ActiveCfg = Release|Any CPU
		{C6CF1EAE-ACA7-97DF-AE12-84CC2449587A}.ExportDebug|x86.Build.0 = Release|Any CPU
		{C6CF1EAE-ACA7-97DF-AE12-84CC2449587A}.ExportRelease|Any CPU.ActiveCfg = Release|Any CPU
		{C6CF1EAE-ACA7-97DF-AE12-84CC2449587A}.ExportRelease|Any CPU.Build.0 = Release|Any CPU
		{C6CF1EAE-ACA7-97DF-AE12-84CC2449587A}.ExportRelease|x64.ActiveCfg = Release|Any CPU
		{C6CF1EAE-ACA7-97DF-AE12-84CC2449587A}.ExportRelease|x64.Build.0 = Release|Any CPU
		{C6CF1EAE-ACA7-97DF-AE12-84CC2449587A}.ExportRelease|x86.ActiveCfg = Release|Any CPU
		{C6CF1EAE-ACA7-97DF-AE12-84CC2449587A}.ExportRelease|x86.Build.0 = Release|Any CPU
		{C6CF1EAE-ACA7-97DF-AE12-84CC2449587A}.Release|Any CPU.ActiveCfg = Release|Any CPU
		{C6CF1EAE-ACA7-97DF-AE12-84CC2449587A}.Release|Any CPU.Build.0 = Release|Any CPU
		{C6CF1EAE-ACA7-97DF-AE12-84CC2449587A}.Release|x64.ActiveCfg = Release|Any CPU
		{C6CF1EAE-ACA7-97DF-AE12-84CC2449587A}.Release|x64.Build.0 = Release|Any CPU
		{C6CF1EAE-ACA7-97DF-AE12-84CC2449587A}.Release|x86.ActiveCfg = Release|Any CPU
		{C6CF1EAE-ACA7-97DF-AE12-84CC2449587A}.Release|x86.Build.0 = Release|Any CPU
		{52ED06D4-9481-705B-01D5-35B04A134E63}.Debug|Any CPU.ActiveCfg = Debug|Any CPU
		{52ED06D4-9481-705B-01D5-35B04A134E63}.Debug|Any CPU.Build.0 = Debug|Any CPU
		{52ED06D4-9481-705B-01D5-35B04A134E63}.Debug|x64.ActiveCfg = Debug|Any CPU
		{52ED06D4-9481-705B-01D5-35B04A134E63}.Debug|x64.Build.0 = Debug|Any CPU
		{52ED06D4-9481-705B-01D5-35B04A134E63}.Debug|x86.ActiveCfg = Debug|Any CPU
		{52ED06D4-9481-705B-01D5-35B04A134E63}.Debug|x86.Build.0 = Debug|Any CPU
		{52ED06D4-9481-705B-01D5-35B04A134E63}.ExportDebug|Any CPU.ActiveCfg = Release|Any CPU
		{52ED06D4-9481-705B-01D5-35B04A134E63}.ExportDebug|Any CPU.Build.0 = Release|Any CPU
		{52ED06D4-9481-705B-01D5-35B04A134E63}.ExportDebug|x64.ActiveCfg = Release|Any CPU
		{52ED06D4-9481-705B-01D5-35B04A134E63}.ExportDebug|x64.Build.0 = Release|Any CPU
		{52ED06D4-9481-705B-01D5-35B04A134E63}.ExportDebug|x86.ActiveCfg = Release|Any CPU
		{52ED06D4-9481-705B-01D5-35B04A134E63}.ExportDebug|x86.Build.0 = Release|Any CPU
		{52ED06D4-9481-705B-01D5-35B04A134E63}.ExportRelease|Any CPU.ActiveCfg = Release|Any CPU
		{52ED06D4-9481-705B-01D5-35B04A134E63}.ExportRelease|Any CPU.Build.0 = Release|Any CPU
		{52ED06D4-9481-705B-01D5-35B04A134E63}.ExportRelease|x64.ActiveCfg = Release|Any CPU
		{52ED06D4-9481-705B-01D5-35B04A134E63}.ExportRelease|x64.Build.0 = Release|Any CPU
		{52ED06D4-9481-705B-01D5-35B04A134E63}.ExportRelease|x86.ActiveCfg = Release|Any CPU
		{52ED06D4-9481-705B-01D5-35B04A134E63}.ExportRelease|x86.Build.0 = Release|Any CPU
		{52ED06D4-9481-705B-01D5-35B04A134E63}.Release|Any CPU.ActiveCfg = Release|Any CPU
		{52ED06D4-9481-705B-01D5-35B04A134E63}.Release|Any CPU.Build.0 = Release|Any CPU
		{52ED06D4-9481-705B-01D5-35B04A134E63}.Release|x64.ActiveCfg = Release|Any CPU
		{52ED06D4-9481-705B-01D5-35B04A134E63}.Release|x64.Build.0 = Release|Any CPU
		{52ED06D4-9481-705B-01D5-35B04A134E63}.Release|x86.ActiveCfg = Release|Any CPU
		{52ED06D4-9481-705B-01D5-35B04A134E63}.Release|x86.Build.0 = Release|Any CPU
		{76D59B2D-B061-4CBA-BC5F-F3E6BF17D0D3}.Debug|Any CPU.ActiveCfg = Debug|Any CPU
		{76D59B2D-B061-4CBA-BC5F-F3E6BF17D0D3}.Debug|Any CPU.Build.0 = Debug|Any CPU
		{76D59B2D-B061-4CBA-BC5F-F3E6BF17D0D3}.Debug|x64.ActiveCfg = Debug|Any CPU
		{76D59B2D-B061-4CBA-BC5F-F3E6BF17D0D3}.Debug|x64.Build.0 = Debug|Any CPU
		{76D59B2D-B061-4CBA-BC5F-F3E6BF17D0D3}.Debug|x86.ActiveCfg = Debug|Any CPU
		{76D59B2D-B061-4CBA-BC5F-F3E6BF17D0D3}.Debug|x86.Build.0 = Debug|Any CPU
		{76D59B2D-B061-4CBA-BC5F-F3E6BF17D0D3}.ExportDebug|Any CPU.ActiveCfg = Release|Any CPU
		{76D59B2D-B061-4CBA-BC5F-F3E6BF17D0D3}.ExportDebug|Any CPU.Build.0 = Release|Any CPU
		{76D59B2D-B061-4CBA-BC5F-F3E6BF17D0D3}.ExportDebug|x64.ActiveCfg = Release|Any CPU
		{76D59B2D-B061-4CBA-BC5F-F3E6BF17D0D3}.ExportDebug|x64.Build.0 = Release|Any CPU
		{76D59B2D-B061-4CBA-BC5F-F3E6BF17D0D3}.ExportDebug|x86.ActiveCfg = Release|Any CPU
		{76D59B2D-B061-4CBA-BC5F-F3E6BF17D0D3}.ExportDebug|x86.Build.0 = Release|Any CPU
		{76D59B2D-B061-4CBA-BC5F-F3E6BF17D0D3}.ExportRelease|Any CPU.ActiveCfg = Release|Any CPU
		{76D59B2D-B061-4CBA-BC5F-F3E6BF17D0D3}.ExportRelease|Any CPU.Build.0 = Release|Any CPU
		{76D59B2D-B061-4CBA-BC5F-F3E6BF17D0D3}.ExportRelease|x64.ActiveCfg = Release|Any CPU
		{76D59B2D-B061-4CBA-BC5F-F3E6BF17D0D3}.ExportRelease|x64.Build.0 = Release|Any CPU
		{76D59B2D-B061-4CBA-BC5F-F3E6BF17D0D3}.ExportRelease|x86.ActiveCfg = Release|Any CPU
		{76D59B2D-B061-4CBA-BC5F-F3E6BF17D0D3}.ExportRelease|x86.Build.0 = Release|Any CPU
		{76D59B2D-B061-4CBA-BC5F-F3E6BF17D0D3}.Release|Any CPU.ActiveCfg = Release|Any CPU
		{76D59B2D-B061-4CBA-BC5F-F3E6BF17D0D3}.Release|Any CPU.Build.0 = Release|Any CPU
		{76D59B2D-B061-4CBA-BC5F-F3E6BF17D0D3}.Release|x64.ActiveCfg = Release|Any CPU
		{76D59B2D-B061-4CBA-BC5F-F3E6BF17D0D3}.Release|x64.Build.0 = Release|Any CPU
		{76D59B2D-B061-4CBA-BC5F-F3E6BF17D0D3}.Release|x86.ActiveCfg = Release|Any CPU
		{76D59B2D-B061-4CBA-BC5F-F3E6BF17D0D3}.Release|x86.Build.0 = Release|Any CPU
	EndGlobalSection
	GlobalSection(SolutionProperties) = preSolution
		HideSolutionNode = FALSE
	EndGlobalSection
	GlobalSection(ExtensibilityGlobals) = postSolution
		SolutionGuid = {B64861A1-B4B5-48BD-B413-EAD3C0130A45}
	EndGlobalSection
EndGlobal
