
Microsoft Visual Studio Solution File, Format Version 12.00
# Visual Studio Version 18
VisualStudioVersion = 18.0.11217.181
MinimumVisualStudioVersion = 10.0.40219.1
Project("{2150E333-8FDC-42A3-9474-1A3956D46DE8}") = "Docs", "Docs", "{A3CD698C-4703-4033-9F30-10BA0C0746DE}"
EndProject
Project("{FAE04EC0-301F-11D3-BF4B-00C04F79EFBC}") = "Dash", "Dash\Dash.csproj", "{CE80DC2D-0EE3-58CA-2FCC-E84F0A14ED51}"
EndProject
Project("{FAE04EC0-301F-11D3-BF4B-00C04F79EFBC}") = "DebugProject", "DebugProject\DebugProject.csproj", "{E4FFA15C-AB08-E478-416F-55A7B984C5EE}"
EndProject
Project("{FAE04EC0-301F-11D3-BF4B-00C04F79EFBC}") = "CharacterModule", "CharacterModule\CharacterModule.csproj", "{29603BA8-1D8F-71EA-B5C0-60256E686331}"
EndProject
Project("{FAE04EC0-301F-11D3-BF4B-00C04F79EFBC}") = "GameDevTools.Share", "GameDevTools.Share\GameDevTools.Share.csproj", "{DE572354-E8FB-6D3E-D8FF-715F512F777D}"
EndProject
Project("{FAE04EC0-301F-11D3-BF4B-00C04F79EFBC}") = "GameDevTools", "GameDevTools\GameDevTools.csproj", "{06BD1B9E-41F0-5732-0DC9-D9210E64014C}"
EndProject
Project("{FAE04EC0-301F-11D3-BF4B-00C04F79EFBC}") = "GameDevToolsTest", "GameDevToolsTest\GameDevToolsTest.csproj", "{32918B54-1ECD-F1BE-C504-BB583DDE9AFF}"
EndProject
Global
	GlobalSection(SolutionConfigurationPlatforms) = preSolution
		Debug|Any CPU = Debug|Any CPU
		ExportDebug|Any CPU = ExportDebug|Any CPU
		ExportRelease|Any CPU = ExportRelease|Any CPU
	EndGlobalSection
	GlobalSection(ProjectConfigurationPlatforms) = postSolution
		{CE80DC2D-0EE3-58CA-2FCC-E84F0A14ED51}.Debug|Any CPU.ActiveCfg = Debug|Any CPU
		{CE80DC2D-0EE3-58CA-2FCC-E84F0A14ED51}.Debug|Any CPU.Build.0 = Debug|Any CPU
		{CE80DC2D-0EE3-58CA-2FCC-E84F0A14ED51}.ExportDebug|Any CPU.ActiveCfg = ExportDebug|Any CPU
		{CE80DC2D-0EE3-58CA-2FCC-E84F0A14ED51}.ExportDebug|Any CPU.Build.0 = ExportDebug|Any CPU
		{CE80DC2D-0EE3-58CA-2FCC-E84F0A14ED51}.ExportRelease|Any CPU.ActiveCfg = ExportRelease|Any CPU
		{CE80DC2D-0EE3-58CA-2FCC-E84F0A14ED51}.ExportRelease|Any CPU.Build.0 = ExportRelease|Any CPU
		{E4FFA15C-AB08-E478-416F-55A7B984C5EE}.Debug|Any CPU.ActiveCfg = Debug|Any CPU
		{E4FFA15C-AB08-E478-416F-55A7B984C5EE}.Debug|Any CPU.Build.0 = Debug|Any CPU
		{E4FFA15C-AB08-E478-416F-55A7B984C5EE}.ExportDebug|Any CPU.ActiveCfg = Release|Any CPU
		{E4FFA15C-AB08-E478-416F-55A7B984C5EE}.ExportDebug|Any CPU.Build.0 = Release|Any CPU
		{E4FFA15C-AB08-E478-416F-55A7B984C5EE}.ExportRelease|Any CPU.ActiveCfg = Release|Any CPU
		{E4FFA15C-AB08-E478-416F-55A7B984C5EE}.ExportRelease|Any CPU.Build.0 = Release|Any CPU
		{29603BA8-1D8F-71EA-B5C0-60256E686331}.Debug|Any CPU.ActiveCfg = Debug|Any CPU
		{29603BA8-1D8F-71EA-B5C0-60256E686331}.Debug|Any CPU.Build.0 = Debug|Any CPU
		{29603BA8-1D8F-71EA-B5C0-60256E686331}.ExportDebug|Any CPU.ActiveCfg = Release|Any CPU
		{29603BA8-1D8F-71EA-B5C0-60256E686331}.ExportDebug|Any CPU.Build.0 = Release|Any CPU
		{29603BA8-1D8F-71EA-B5C0-60256E686331}.ExportRelease|Any CPU.ActiveCfg = Release|Any CPU
		{29603BA8-1D8F-71EA-B5C0-60256E686331}.ExportRelease|Any CPU.Build.0 = Release|Any CPU
		{DE572354-E8FB-6D3E-D8FF-715F512F777D}.Debug|Any CPU.ActiveCfg = Debug|Any CPU
		{DE572354-E8FB-6D3E-D8FF-715F512F777D}.Debug|Any CPU.Build.0 = Debug|Any CPU
		{DE572354-E8FB-6D3E-D8FF-715F512F777D}.ExportDebug|Any CPU.ActiveCfg = Release|Any CPU
		{DE572354-E8FB-6D3E-D8FF-715F512F777D}.ExportDebug|Any CPU.Build.0 = Release|Any CPU
		{DE572354-E8FB-6D3E-D8FF-715F512F777D}.ExportRelease|Any CPU.ActiveCfg = Release|Any CPU
		{DE572354-E8FB-6D3E-D8FF-715F512F777D}.ExportRelease|Any CPU.Build.0 = Release|Any CPU
		{06BD1B9E-41F0-5732-0DC9-D9210E64014C}.Debug|Any CPU.ActiveCfg = Debug|Any CPU
		{06BD1B9E-41F0-5732-0DC9-D9210E64014C}.Debug|Any CPU.Build.0 = Debug|Any CPU
		{06BD1B9E-41F0-5732-0DC9-D9210E64014C}.ExportDebug|Any CPU.ActiveCfg = Release|Any CPU
		{06BD1B9E-41F0-5732-0DC9-D9210E64014C}.ExportDebug|Any CPU.Build.0 = Release|Any CPU
		{06BD1B9E-41F0-5732-0DC9-D9210E64014C}.ExportRelease|Any CPU.ActiveCfg = Release|Any CPU
		{06BD1B9E-41F0-5732-0DC9-D9210E64014C}.ExportRelease|Any CPU.Build.0 = Release|Any CPU
		{32918B54-1ECD-F1BE-C504-BB583DDE9AFF}.Debug|Any CPU.ActiveCfg = Debug|Any CPU
		{32918B54-1ECD-F1BE-C504-BB583DDE9AFF}.Debug|Any CPU.Build.0 = Debug|Any CPU
		{32918B54-1ECD-F1BE-C504-BB583DDE9AFF}.ExportDebug|Any CPU.ActiveCfg = Release|Any CPU
		{32918B54-1ECD-F1BE-C504-BB583DDE9AFF}.ExportDebug|Any CPU.Build.0 = Release|Any CPU
		{32918B54-1ECD-F1BE-C504-BB583DDE9AFF}.ExportRelease|Any CPU.ActiveCfg = Release|Any CPU
		{32918B54-1ECD-F1BE-C504-BB583DDE9AFF}.ExportRelease|Any CPU.Build.0 = Release|Any CPU
	EndGlobalSection
	GlobalSection(SolutionProperties) = preSolution
		HideSolutionNode = FALSE
	EndGlobalSection
	GlobalSection(ExtensibilityGlobals) = postSolution
		SolutionGuid = {B64861A1-B4B5-48BD-B413-EAD3C0130A45}
	EndGlobalSection
EndGlobal
